
Microsoft Visual Studio Solution File, Format Version 12.00
# Visual Studio Version 16
VisualStudioVersion = 16.0.35026.282
MinimumVisualStudioVersion = 10.0.40219.1
Project("{FAE04EC0-301F-11D3-BF4B-00C04F79EFBC}") = "Net core", "Net core.csproj", "{AAA9D152-F764-4557-81B0-A2B0048F454A}"
EndProject
Global
	GlobalSection(SolutionConfigurationPlatforms) = preSolution
		Debug|Any CPU = Debug|Any CPU
		Release|Any CPU = Release|Any CPU
	EndGlobalSection
	GlobalSection(ProjectConfigurationPlatforms) = postSolution
		{AAA9D152-F764-4557-81B0-A2B0048F454A}.Debug|Any CPU.ActiveCfg = Debug|Any CPU
		{AAA9D152-F764-4557-81B0-A2B0048F454A}.Debug|Any CPU.Build.0 = Debug|Any CPU
		{AAA9D152-F764-4557-81B0-A2B0048F454A}.Release|Any CPU.ActiveCfg = Release|Any CPU
		{AAA9D152-F764-4557-81B0-A2B0048F454A}.Release|Any CPU.Build.0 = Release|Any CPU
	EndGlobalSection
	GlobalSection(SolutionProperties) = preSolution
		HideSolutionNode = FALSE
	EndGlobalSection
	GlobalSection(ExtensibilityGlobals) = postSolution
		SolutionGuid = {6683D51E-D217-41E5-8F77-9AAC08D36FAB}
	EndGlobalSection
EndGlobal
